{
  "pins" : [
    {
      "identity" : "groceryappshareddto",
      "kind" : "remoteSourceControl",
      "location" : "https://github.com/raphaeltorquat0/GroceryAppSharedDTO.git",
      "state" : {
        "branch" : "main",
        "revision" : "7f9cb39f72f39d564da1e9267e34f4a9ca4cb607"
      }
    }
  ],
  "version" : 2
}
