{
  "pins" : [
    {
      "identity" : "groceryappshareddto",
      "kind" : "remoteSourceControl",
      "location" : "https://github.com/raphaeltorquat0/GroceryAppSharedDTO.git",
      "state" : {
        "branch" : "main",
        "revision" : "0801c52a5fb7340ee2c4c5f7a0bff14406af0f41"
      }
    }
  ],
  "version" : 2
}
