// !$*UTF8*$!
{
	archiveVersion = 1;
	classes = {
	};
	objectVersion = 56;
	objects = {

/* Begin PBXBuildFile section */
		3F2C23402A1D38010045714C /* RegistrationScreen.swift in Sources */ = {isa = PBXBuildFile; fileRef = 3F2C233F2A1D38010045714C /* RegistrationScreen.swift */; };
		3F2C23432A1D41520045714C /* Swift+Extensions.swift in Sources */ = {isa = PBXBuildFile; fileRef = 3F2C23422A1D41520045714C /* Swift+Extensions.swift */; };
		3F2C23462A1D49AF0045714C /* HTTPClient.swift in Sources */ = {isa = PBXBuildFile; fileRef = 3F2C23452A1D49AF0045714C /* HTTPClient.swift */; };
		3F2C23482A1D4C790045714C /* NetworkError+Extensions.swift in Sources */ = {isa = PBXBuildFile; fileRef = 3F2C23472A1D4C790045714C /* NetworkError+Extensions.swift */; };
		3F2C234B2A1D62D80045714C /* GroceryModel.swift in Sources */ = {isa = PBXBuildFile; fileRef = 3F2C234A2A1D62D80045714C /* GroceryModel.swift */; };
		3F2C23502A1D656D0045714C /* Constants.swift in Sources */ = {isa = PBXBuildFile; fileRef = 3F2C234F2A1D656D0045714C /* Constants.swift */; };
		3F2C23522A1D74020045714C /* LoginScreen.swift in Sources */ = {isa = PBXBuildFile; fileRef = 3F2C23512A1D74020045714C /* LoginScreen.swift */; };
		3F2C23562A1E83750045714C /* AppState.swift in Sources */ = {isa = PBXBuildFile; fileRef = 3F2C23552A1E83750045714C /* AppState.swift */; };
		3F601D9D2A18E36500976725 /* GroceryAppApp.swift in Sources */ = {isa = PBXBuildFile; fileRef = 3F601D9C2A18E36500976725 /* GroceryAppApp.swift */; };
		3F601D9F2A18E36500976725 /* ContentView.swift in Sources */ = {isa = PBXBuildFile; fileRef = 3F601D9E2A18E36500976725 /* ContentView.swift */; };
		3F601DA12A18E36800976725 /* Assets.xcassets in Resources */ = {isa = PBXBuildFile; fileRef = 3F601DA02A18E36800976725 /* Assets.xcassets */; };
		3F601DA42A18E36800976725 /* Preview Assets.xcassets in Resources */ = {isa = PBXBuildFile; fileRef = 3F601DA32A18E36800976725 /* Preview Assets.xcassets */; };
		3F9D62092A1E92F6005EEB5C /* GroceryAppSharedDTO in Frameworks */ = {isa = PBXBuildFile; productRef = 3F9D62082A1E92F6005EEB5C /* GroceryAppSharedDTO */; };
/* End PBXBuildFile section */

/* Begin PBXFileReference section */
		3F2C233F2A1D38010045714C /* RegistrationScreen.swift */ = {isa = PBXFileReference; lastKnownFileType = sourcecode.swift; path = RegistrationScreen.swift; sourceTree = "<group>"; };
		3F2C23422A1D41520045714C /* Swift+Extensions.swift */ = {isa = PBXFileReference; lastKnownFileType = sourcecode.swift; path = "Swift+Extensions.swift"; sourceTree = "<group>"; };
		3F2C23452A1D49AF0045714C /* HTTPClient.swift */ = {isa = PBXFileReference; lastKnownFileType = sourcecode.swift; path = HTTPClient.swift; sourceTree = "<group>"; };
		3F2C23472A1D4C790045714C /* NetworkError+Extensions.swift */ = {isa = PBXFileReference; lastKnownFileType = sourcecode.swift; path = "NetworkError+Extensions.swift"; sourceTree = "<group>"; };
		3F2C234A2A1D62D80045714C /* GroceryModel.swift */ = {isa = PBXFileReference; lastKnownFileType = sourcecode.swift; path = GroceryModel.swift; sourceTree = "<group>"; };
		3F2C234F2A1D656D0045714C /* Constants.swift */ = {isa = PBXFileReference; lastKnownFileType = sourcecode.swift; path = Constants.swift; sourceTree = "<group>"; };
		3F2C23512A1D74020045714C /* LoginScreen.swift */ = {isa = PBXFileReference; lastKnownFileType = sourcecode.swift; path = LoginScreen.swift; sourceTree = "<group>"; };
		3F2C23552A1E83750045714C /* AppState.swift */ = {isa = PBXFileReference; lastKnownFileType = sourcecode.swift; path = AppState.swift; sourceTree = "<group>"; };
		3F601D992A18E36500976725 /* GroceryApp.app */ = {isa = PBXFileReference; explicitFileType = wrapper.application; includeInIndex = 0; path = GroceryApp.app; sourceTree = BUILT_PRODUCTS_DIR; };
		3F601D9C2A18E36500976725 /* GroceryAppApp.swift */ = {isa = PBXFileReference; lastKnownFileType = sourcecode.swift; path = GroceryAppApp.swift; sourceTree = "<group>"; };
		3F601D9E2A18E36500976725 /* ContentView.swift */ = {isa = PBXFileReference; lastKnownFileType = sourcecode.swift; path = ContentView.swift; sourceTree = "<group>"; };
		3F601DA02A18E36800976725 /* Assets.xcassets */ = {isa = PBXFileReference; lastKnownFileType = folder.assetcatalog; path = Assets.xcassets; sourceTree = "<group>"; };
		3F601DA32A18E36800976725 /* Preview Assets.xcassets */ = {isa = PBXFileReference; lastKnownFileType = folder.assetcatalog; path = "Preview Assets.xcassets"; sourceTree = "<group>"; };
/* End PBXFileReference section */

/* Begin PBXFrameworksBuildPhase section */
		3F601D962A18E36500976725 /* Frameworks */ = {
			isa = PBXFrameworksBuildPhase;
			buildActionMask = 2147483647;
			files = (
				3F9D62092A1E92F6005EEB5C /* GroceryAppSharedDTO in Frameworks */,
			);
			runOnlyForDeploymentPostprocessing = 0;
		};
/* End PBXFrameworksBuildPhase section */

/* Begin PBXGroup section */
		3F2C233E2A1D37B90045714C /* Screens */ = {
			isa = PBXGroup;
			children = (
				3F2C233F2A1D38010045714C /* RegistrationScreen.swift */,
				3F2C23512A1D74020045714C /* LoginScreen.swift */,
			);
			path = Screens;
			sourceTree = "<group>";
		};
		3F2C23412A1D41410045714C /* Extensions */ = {
			isa = PBXGroup;
			children = (
				3F2C23422A1D41520045714C /* Swift+Extensions.swift */,
				3F2C23472A1D4C790045714C /* NetworkError+Extensions.swift */,
			);
			path = Extensions;
			sourceTree = "<group>";
		};
		3F2C23442A1D498E0045714C /* Clients */ = {
			isa = PBXGroup;
			children = (
				3F2C23452A1D49AF0045714C /* HTTPClient.swift */,
			);
			path = Clients;
			sourceTree = "<group>";
		};
		3F2C23492A1D62C50045714C /* Models */ = {
			isa = PBXGroup;
			children = (
				3F2C234A2A1D62D80045714C /* GroceryModel.swift */,
				3F2C23552A1E83750045714C /* AppState.swift */,
			);
			path = Models;
			sourceTree = "<group>";
		};
		3F2C234E2A1D65630045714C /* Utils */ = {
			isa = PBXGroup;
			children = (
				3F2C234F2A1D656D0045714C /* Constants.swift */,
			);
			path = Utils;
			sourceTree = "<group>";
		};
		3F601D902A18E36500976725 = {
			isa = PBXGroup;
			children = (
				3F601D9B2A18E36500976725 /* GroceryApp */,
				3F601D9A2A18E36500976725 /* Products */,
				3F9D62072A1E92F6005EEB5C /* Frameworks */,
			);
			sourceTree = "<group>";
		};
		3F601D9A2A18E36500976725 /* Products */ = {
			isa = PBXGroup;
			children = (
				3F601D992A18E36500976725 /* GroceryApp.app */,
			);
			name = Products;
			sourceTree = "<group>";
		};
		3F601D9B2A18E36500976725 /* GroceryApp */ = {
			isa = PBXGroup;
			children = (
				3F2C234E2A1D65630045714C /* Utils */,
				3F2C23492A1D62C50045714C /* Models */,
				3F2C23442A1D498E0045714C /* Clients */,
				3F2C23412A1D41410045714C /* Extensions */,
				3F2C233E2A1D37B90045714C /* Screens */,
				3F601D9C2A18E36500976725 /* GroceryAppApp.swift */,
				3F601D9E2A18E36500976725 /* ContentView.swift */,
				3F601DA02A18E36800976725 /* Assets.xcassets */,
				3F601DA22A18E36800976725 /* Preview Content */,
			);
			path = GroceryApp;
			sourceTree = "<group>";
		};
		3F601DA22A18E36800976725 /* Preview Content */ = {
			isa = PBXGroup;
			children = (
				3F601DA32A18E36800976725 /* Preview Assets.xcassets */,
			);
			path = "Preview Content";
			sourceTree = "<group>";
		};
		3F9D62072A1E92F6005EEB5C /* Frameworks */ = {
			isa = PBXGroup;
			children = (
			);
			name = Frameworks;
			sourceTree = "<group>";
		};
/* End PBXGroup section */

/* Begin PBXNativeTarget section */
		3F601D982A18E36500976725 /* GroceryApp */ = {
			isa = PBXNativeTarget;
			buildConfigurationList = 3F601DA72A18E36800976725 /* Build configuration list for PBXNativeTarget "GroceryApp" */;
			buildPhases = (
				3F601D952A18E36500976725 /* Sources */,
				3F601D962A18E36500976725 /* Frameworks */,
				3F601D972A18E36500976725 /* Resources */,
			);
			buildRules = (
			);
			dependencies = (
			);
			name = GroceryApp;
			packageProductDependencies = (
				3F9D62082A1E92F6005EEB5C /* GroceryAppSharedDTO */,
			);
			productName = GroceryApp;
			productReference = 3F601D992A18E36500976725 /* GroceryApp.app */;
			productType = "com.apple.product-type.application";
		};
/* End PBXNativeTarget section */

/* Begin PBXProject section */
		3F601D912A18E36500976725 /* Project object */ = {
			isa = PBXProject;
			attributes = {
				BuildIndependentTargetsInParallel = 1;
				LastSwiftUpdateCheck = 1420;
				LastUpgradeCheck = 1420;
				TargetAttributes = {
					3F601D982A18E36500976725 = {
						CreatedOnToolsVersion = 14.2;
					};
				};
			};
			buildConfigurationList = 3F601D942A18E36500976725 /* Build configuration list for PBXProject "GroceryApp" */;
			compatibilityVersion = "Xcode 14.0";
			developmentRegion = en;
			hasScannedForEncodings = 0;
			knownRegions = (
				en,
				Base,
			);
			mainGroup = 3F601D902A18E36500976725;
			packageReferences = (
				3F2C23572A1E91970045714C /* XCRemoteSwiftPackageReference "GroceryAppSharedDTO" */,
			);
			productRefGroup = 3F601D9A2A18E36500976725 /* Products */;
			projectDirPath = "";
			projectRoot = "";
			targets = (
				3F601D982A18E36500976725 /* GroceryApp */,
			);
		};
/* End PBXProject section */

/* Begin PBXResourcesBuildPhase section */
		3F601D972A18E36500976725 /* Resources */ = {
			isa = PBXResourcesBuildPhase;
			buildActionMask = 2147483647;
			files = (
				3F601DA42A18E36800976725 /* Preview Assets.xcassets in Resources */,
				3F601DA12A18E36800976725 /* Assets.xcassets in Resources */,
			);
			runOnlyForDeploymentPostprocessing = 0;
		};
/* End PBXResourcesBuildPhase section */

/* Begin PBXSourcesBuildPhase section */
		3F601D952A18E36500976725 /* Sources */ = {
			isa = PBXSourcesBuildPhase;
			buildActionMask = 2147483647;
			files = (
				3F2C23402A1D38010045714C /* RegistrationScreen.swift in Sources */,
				3F2C234B2A1D62D80045714C /* GroceryModel.swift in Sources */,
				3F2C23462A1D49AF0045714C /* HTTPClient.swift in Sources */,
				3F2C23562A1E83750045714C /* AppState.swift in Sources */,
				3F2C23432A1D41520045714C /* Swift+Extensions.swift in Sources */,
				3F2C23482A1D4C790045714C /* NetworkError+Extensions.swift in Sources */,
				3F601D9F2A18E36500976725 /* ContentView.swift in Sources */,
				3F601D9D2A18E36500976725 /* GroceryAppApp.swift in Sources */,
				3F2C23502A1D656D0045714C /* Constants.swift in Sources */,
				3F2C23522A1D74020045714C /* LoginScreen.swift in Sources */,
			);
			runOnlyForDeploymentPostprocessing = 0;
		};
/* End PBXSourcesBuildPhase section */

/* Begin XCBuildConfiguration section */
		3F601DA52A18E36800976725 /* Debug */ = {
			isa = XCBuildConfiguration;
			buildSettings = {
				ALWAYS_SEARCH_USER_PATHS = NO;
				CLANG_ANALYZER_NONNULL = YES;
				CLANG_ANALYZER_NUMBER_OBJECT_CONVERSION = YES_AGGRESSIVE;
				CLANG_CXX_LANGUAGE_STANDARD = "gnu++20";
				CLANG_ENABLE_MODULES = YES;
				CLANG_ENABLE_OBJC_ARC = YES;
				CLANG_ENABLE_OBJC_WEAK = YES;
				CLANG_WARN_BLOCK_CAPTURE_AUTORELEASING = YES;
				CLANG_WARN_BOOL_CONVERSION = YES;
				CLANG_WARN_COMMA = YES;
				CLANG_WARN_CONSTANT_CONVERSION = YES;
				CLANG_WARN_DEPRECATED_OBJC_IMPLEMENTATIONS = YES;
				CLANG_WARN_DIRECT_OBJC_ISA_USAGE = YES_ERROR;
				CLANG_WARN_DOCUMENTATION_COMMENTS = YES;
				CLANG_WARN_EMPTY_BODY = YES;
				CLANG_WARN_ENUM_CONVERSION = YES;
				CLANG_WARN_INFINITE_RECURSION = YES;
				CLANG_WARN_INT_CONVERSION = YES;
				CLANG_WARN_NON_LITERAL_NULL_CONVERSION = YES;
				CLANG_WARN_OBJC_IMPLICIT_RETAIN_SELF = YES;
				CLANG_WARN_OBJC_LITERAL_CONVERSION = YES;
				CLANG_WARN_OBJC_ROOT_CLASS = YES_ERROR;
				CLANG_WARN_QUOTED_INCLUDE_IN_FRAMEWORK_HEADER = YES;
				CLANG_WARN_RANGE_LOOP_ANALYSIS = YES;
				CLANG_WARN_STRICT_PROTOTYPES = YES;
				CLANG_WARN_SUSPICIOUS_MOVE = YES;
				CLANG_WARN_UNGUARDED_AVAILABILITY = YES_AGGRESSIVE;
				CLANG_WARN_UNREACHABLE_CODE = YES;
				CLANG_WARN__DUPLICATE_METHOD_MATCH = YES;
				COPY_PHASE_STRIP = NO;
				DEBUG_INFORMATION_FORMAT = dwarf;
				ENABLE_STRICT_OBJC_MSGSEND = YES;
				ENABLE_TESTABILITY = YES;
				GCC_C_LANGUAGE_STANDARD = gnu11;
				GCC_DYNAMIC_NO_PIC = NO;
				GCC_NO_COMMON_BLOCKS = YES;
				GCC_OPTIMIZATION_LEVEL = 0;
				GCC_PREPROCESSOR_DEFINITIONS = (
					"DEBUG=1",
					"$(inherited)",
				);
				GCC_WARN_64_TO_32_BIT_CONVERSION = YES;
				GCC_WARN_ABOUT_RETURN_TYPE = YES_ERROR;
				GCC_WARN_UNDECLARED_SELECTOR = YES;
				GCC_WARN_UNINITIALIZED_AUTOS = YES_AGGRESSIVE;
				GCC_WARN_UNUSED_FUNCTION = YES;
				GCC_WARN_UNUSED_VARIABLE = YES;
				IPHONEOS_DEPLOYMENT_TARGET = 16.2;
				MTL_ENABLE_DEBUG_INFO = INCLUDE_SOURCE;
				MTL_FAST_MATH = YES;
				ONLY_ACTIVE_ARCH = YES;
				SDKROOT = iphoneos;
				SWIFT_ACTIVE_COMPILATION_CONDITIONS = DEBUG;
				SWIFT_OPTIMIZATION_LEVEL = "-Onone";
			};
			name = Debug;
		};
		3F601DA62A18E36800976725 /* Release */ = {
			isa = XCBuildConfiguration;
			buildSettings = {
				ALWAYS_SEARCH_USER_PATHS = NO;
				CLANG_ANALYZER_NONNULL = YES;
				CLANG_ANALYZER_NUMBER_OBJECT_CONVERSION = YES_AGGRESSIVE;
				CLANG_CXX_LANGUAGE_STANDARD = "gnu++20";
				CLANG_ENABLE_MODULES = YES;
				CLANG_ENABLE_OBJC_ARC = YES;
				CLANG_ENABLE_OBJC_WEAK = YES;
				CLANG_WARN_BLOCK_CAPTURE_AUTORELEASING = YES;
				CLANG_WARN_BOOL_CONVERSION = YES;
				CLANG_WARN_COMMA = YES;
				CLANG_WARN_CONSTANT_CONVERSION = YES;
				CLANG_WARN_DEPRECATED_OBJC_IMPLEMENTATIONS = YES;
				CLANG_WARN_DIRECT_OBJC_ISA_USAGE = YES_ERROR;
				CLANG_WARN_DOCUMENTATION_COMMENTS = YES;
				CLANG_WARN_EMPTY_BODY = YES;
				CLANG_WARN_ENUM_CONVERSION = YES;
				CLANG_WARN_INFINITE_RECURSION = YES;
				CLANG_WARN_INT_CONVERSION = YES;
				CLANG_WARN_NON_LITERAL_NULL_CONVERSION = YES;
				CLANG_WARN_OBJC_IMPLICIT_RETAIN_SELF = YES;
				CLANG_WARN_OBJC_LITERAL_CONVERSION = YES;
				CLANG_WARN_OBJC_ROOT_CLASS = YES_ERROR;
				CLANG_WARN_QUOTED_INCLUDE_IN_FRAMEWORK_HEADER = YES;
				CLANG_WARN_RANGE_LOOP_ANALYSIS = YES;
				CLANG_WARN_STRICT_PROTOTYPES = YES;
				CLANG_WARN_SUSPICIOUS_MOVE = YES;
				CLANG_WARN_UNGUARDED_AVAILABILITY = YES_AGGRESSIVE;
				CLANG_WARN_UNREACHABLE_CODE = YES;
				CLANG_WARN__DUPLICATE_METHOD_MATCH = YES;
				COPY_PHASE_STRIP = NO;
				DEBUG_INFORMATION_FORMAT = "dwarf-with-dsym";
				ENABLE_NS_ASSERTIONS = NO;
				ENABLE_STRICT_OBJC_MSGSEND = YES;
				GCC_C_LANGUAGE_STANDARD = gnu11;
				GCC_NO_COMMON_BLOCKS = YES;
				GCC_WARN_64_TO_32_BIT_CONVERSION = YES;
				GCC_WARN_ABOUT_RETURN_TYPE = YES_ERROR;
				GCC_WARN_UNDECLARED_SELECTOR = YES;
				GCC_WARN_UNINITIALIZED_AUTOS = YES_AGGRESSIVE;
				GCC_WARN_UNUSED_FUNCTION = YES;
				GCC_WARN_UNUSED_VARIABLE = YES;
				IPHONEOS_DEPLOYMENT_TARGET = 16.2;
				MTL_ENABLE_DEBUG_INFO = NO;
				MTL_FAST_MATH = YES;
				SDKROOT = iphoneos;
				SWIFT_COMPILATION_MODE = wholemodule;
				SWIFT_OPTIMIZATION_LEVEL = "-O";
				VALIDATE_PRODUCT = YES;
			};
			name = Release;
		};
		3F601DA82A18E36800976725 /* Debug */ = {
			isa = XCBuildConfiguration;
			buildSettings = {
				ASSETCATALOG_COMPILER_APPICON_NAME = AppIcon;
				ASSETCATALOG_COMPILER_GLOBAL_ACCENT_COLOR_NAME = AccentColor;
				CODE_SIGN_STYLE = Automatic;
				CURRENT_PROJECT_VERSION = 1;
				DEVELOPMENT_ASSET_PATHS = "\"GroceryApp/Preview Content\"";
				DEVELOPMENT_TEAM = NXZ6YP6W9M;
				ENABLE_PREVIEWS = YES;
				GENERATE_INFOPLIST_FILE = YES;
				INFOPLIST_KEY_UIApplicationSceneManifest_Generation = YES;
				INFOPLIST_KEY_UIApplicationSupportsIndirectInputEvents = YES;
				INFOPLIST_KEY_UILaunchScreen_Generation = YES;
				INFOPLIST_KEY_UISupportedInterfaceOrientations_iPad = "UIInterfaceOrientationPortrait UIInterfaceOrientationPortraitUpsideDown UIInterfaceOrientationLandscapeLeft UIInterfaceOrientationLandscapeRight";
				INFOPLIST_KEY_UISupportedInterfaceOrientations_iPhone = "UIInterfaceOrientationPortrait UIInterfaceOrientationLandscapeLeft UIInterfaceOrientationLandscapeRight";
				LD_RUNPATH_SEARCH_PATHS = (
					"$(inherited)",
					"@executable_path/Frameworks",
				);
				MARKETING_VERSION = 1.0;
				PRODUCT_BUNDLE_IDENTIFIER = com.trtechnology.GroceryApp;
				PRODUCT_NAME = "$(TARGET_NAME)";
				SWIFT_EMIT_LOC_STRINGS = YES;
				SWIFT_VERSION = 5.0;
				TARGETED_DEVICE_FAMILY = "1,2";
			};
			name = Debug;
		};
		3F601DA92A18E36800976725 /* Release */ = {
			isa = XCBuildConfiguration;
			buildSettings = {
				ASSETCATALOG_COMPILER_APPICON_NAME = AppIcon;
				ASSETCATALOG_COMPILER_GLOBAL_ACCENT_COLOR_NAME = AccentColor;
				CODE_SIGN_STYLE = Automatic;
				CURRENT_PROJECT_VERSION = 1;
				DEVELOPMENT_ASSET_PATHS = "\"GroceryApp/Preview Content\"";
				DEVELOPMENT_TEAM = NXZ6YP6W9M;
				ENABLE_PREVIEWS = YES;
				GENERATE_INFOPLIST_FILE = YES;
				INFOPLIST_KEY_UIApplicationSceneManifest_Generation = YES;
				INFOPLIST_KEY_UIApplicationSupportsIndirectInputEvents = YES;
				INFOPLIST_KEY_UILaunchScreen_Generation = YES;
				INFOPLIST_KEY_UISupportedInterfaceOrientations_iPad = "UIInterfaceOrientationPortrait UIInterfaceOrientationPortraitUpsideDown UIInterfaceOrientationLandscapeLeft UIInterfaceOrientationLandscapeRight";
				INFOPLIST_KEY_UISupportedInterfaceOrientations_iPhone = "UIInterfaceOrientationPortrait UIInterfaceOrientationLandscapeLeft UIInterfaceOrientationLandscapeRight";
				LD_RUNPATH_SEARCH_PATHS = (
					"$(inherited)",
					"@executable_path/Frameworks",
				);
				MARKETING_VERSION = 1.0;
				PRODUCT_BUNDLE_IDENTIFIER = com.trtechnology.GroceryApp;
				PRODUCT_NAME = "$(TARGET_NAME)";
				SWIFT_EMIT_LOC_STRINGS = YES;
				SWIFT_VERSION = 5.0;
				TARGETED_DEVICE_FAMILY = "1,2";
			};
			name = Release;
		};
/* End XCBuildConfiguration section */

/* Begin XCConfigurationList section */
		3F601D942A18E36500976725 /* Build configuration list for PBXProject "GroceryApp" */ = {
			isa = XCConfigurationList;
			buildConfigurations = (
				3F601DA52A18E36800976725 /* Debug */,
				3F601DA62A18E36800976725 /* Release */,
			);
			defaultConfigurationIsVisible = 0;
			defaultConfigurationName = Release;
		};
		3F601DA72A18E36800976725 /* Build configuration list for PBXNativeTarget "GroceryApp" */ = {
			isa = XCConfigurationList;
			buildConfigurations = (
				3F601DA82A18E36800976725 /* Debug */,
				3F601DA92A18E36800976725 /* Release */,
			);
			defaultConfigurationIsVisible = 0;
			defaultConfigurationName = Release;
		};
/* End XCConfigurationList section */

/* Begin XCRemoteSwiftPackageReference section */
		3F2C23572A1E91970045714C /* XCRemoteSwiftPackageReference "GroceryAppSharedDTO" */ = {
			isa = XCRemoteSwiftPackageReference;
			repositoryURL = "https://github.com/raphaeltorquat0/GroceryAppSharedDTO.git";
			requirement = {
				branch = main;
				kind = branch;
			};
		};
/* End XCRemoteSwiftPackageReference section */

/* Begin XCSwiftPackageProductDependency section */
		3F9D62082A1E92F6005EEB5C /* GroceryAppSharedDTO */ = {
			isa = XCSwiftPackageProductDependency;
			package = 3F2C23572A1E91970045714C /* XCRemoteSwiftPackageReference "GroceryAppSharedDTO" */;
			productName = GroceryAppSharedDTO;
		};
/* End XCSwiftPackageProductDependency section */
	};
	rootObject = 3F601D912A18E36500976725 /* Project object */;
}
